PODS:
  - Alamofire (4.9.0)
  - AppAuth (1.2.0):
    - AppAuth/Core (= 1.2.0)
    - AppAuth/ExternalUserAgent (= 1.2.0)
  - AppAuth/Core (1.2.0)
  - AppAuth/ExternalUserAgent (1.2.0)
  - FBSDKCoreKit (5.7.0):
    - FBSDKCoreKit/Basics (= 5.7.0)
    - FBSDKCoreKit/Core (= 5.7.0)
  - FBSDKCoreKit/Basics (5.7.0)
  - FBSDKCoreKit/Core (5.7.0):
    - FBSDKCoreKit/Basics
  - FBSDKLoginKit (5.7.0):
    - FBSDKLoginKit/Login (= 5.7.0)
  - FBSDKLoginKit/Login (5.7.0):
    - FBSDKCoreKit (~> 5.0)
  - Google-Maps-iOS-Utils (3.0.2):
    - Google-Maps-iOS-Utils/Clustering (= 3.0.2)
    - Google-Maps-iOS-Utils/Geometry (= 3.0.2)
    - Google-Maps-iOS-Utils/Heatmap (= 3.0.2)
    - Google-Maps-iOS-Utils/QuadTree (= 3.0.2)
    - GoogleMaps
  - Google-Maps-iOS-Utils/Clustering (3.0.2):
    - Google-Maps-iOS-Utils/QuadTree
    - GoogleMaps
  - Google-Maps-iOS-Utils/Geometry (3.0.2):
    - GoogleMaps
  - Google-Maps-iOS-Utils/Heatmap (3.0.2):
    - Google-Maps-iOS-Utils/QuadTree
    - GoogleMaps
  - Google-Maps-iOS-Utils/QuadTree (3.0.2):
    - GoogleMaps
  - GoogleMaps (3.4.0):
    - GoogleMaps/Maps (= 3.4.0)
  - GoogleMaps/Base (3.4.0)
  - GoogleMaps/Maps (3.4.0):
    - GoogleMaps/Base
  - GoogleSignIn (5.0.0):
    - AppAuth (~> 1.1)
    - GTMAppAuth (~> 1.0)
    - GTMSessionFetcher/Core (~> 1.1)
  - GTMAppAuth (1.0.0):
    - AppAuth/Core (~> 1.0)
    - GTMSessionFetcher (~> 1.1)
  - GTMSessionFetcher (1.2.2):
    - GTMSessionFetcher/Full (= 1.2.2)
  - GTMSessionFetcher/Core (1.2.2)
  - GTMSessionFetcher/Full (1.2.2):
    - GTMSessionFetcher/Core (= 1.2.2)
  - IQKeyboardManagerSwift (6.5.1)
  - Kingfisher (5.8.1):
    - Kingfisher/Core (= 5.8.1)
  - Kingfisher/Core (5.8.1)

DEPENDENCIES:
  - Alamofire
  - FBSDKLoginKit
  - Google-Maps-iOS-Utils
  - GoogleMaps
  - GoogleSignIn
  - IQKeyboardManagerSwift
  - Kingfisher

SPEC REPOS:
  https://github.com/CocoaPods/Specs.git:
    - Alamofire
    - AppAuth
    - FBSDKCoreKit
    - FBSDKLoginKit
    - GoogleMaps
    - GoogleSignIn
    - GTMAppAuth
    - GTMSessionFetcher
    - IQKeyboardManagerSwift
    - Kingfisher
  trunk:
    - Google-Maps-iOS-Utils

SPEC CHECKSUMS:
  Alamofire: afc3e7c6db61476cb45cdd23fed06bad03bbc321
  AppAuth: bce82c76043657c99d91e7882e8a9e1a93650cd4
  FBSDKCoreKit: 0d2d450fe9447e204fa6e912e0df76dd36693699
  FBSDKLoginKit: 4127e8260b96e0e4cc8ba0c10c95ee63941aa24a
  Google-Maps-iOS-Utils: bfc24e492f3a88a2dffec1b6e0a5bd86fc49486f
  GoogleMaps: 67f4a604f80dd6a22d09c2a507a3a395b9f23060
  GoogleSignIn: a62edd0516721d2a3db1259a5681b91f9b41c06a
  GTMAppAuth: 4deac854479704f348309e7b66189e604cf5e01e
  GTMSessionFetcher: 61bb0f61a4cb560030f1222021178008a5727a23
  IQKeyboardManagerSwift: 9ac7524fad9f9fe9a3b98c927e7772471ca546d2
  Kingfisher: de969e451c81ca6c07a454bc36fea84b8b08c3c7

PODFILE CHECKSUM: bf341e2f2a3d4211e7b0948508e1e8bb788d683c

COCOAPODS: 1.8.4
