// !$*UTF8*$!
{
	archiveVersion = 1;
	classes = {
	};
	objectVersion = 50;
	objects = {

/* Begin PBXBuildFile section */
		AC63950623940A36000EA4F9 /* AppDelegate.swift in Sources */ = {isa = PBXBuildFile; fileRef = AC63950523940A36000EA4F9 /* AppDelegate.swift */; };
		AC63950823940A36000EA4F9 /* SceneDelegate.swift in Sources */ = {isa = PBXBuildFile; fileRef = AC63950723940A36000EA4F9 /* SceneDelegate.swift */; };
		AC63950A23940A36000EA4F9 /* ViewController.swift in Sources */ = {isa = PBXBuildFile; fileRef = AC63950923940A36000EA4F9 /* ViewController.swift */; };
		AC63950D23940A36000EA4F9 /* Main.storyboard in Resources */ = {isa = PBXBuildFile; fileRef = AC63950B23940A36000EA4F9 /* Main.storyboard */; };
		AC63950F23940A38000EA4F9 /* Assets.xcassets in Resources */ = {isa = PBXBuildFile; fileRef = AC63950E23940A38000EA4F9 /* Assets.xcassets */; };
		AC63951223940A38000EA4F9 /* LaunchScreen.storyboard in Resources */ = {isa = PBXBuildFile; fileRef = AC63951023940A38000EA4F9 /* LaunchScreen.storyboard */; };
		DC892D4623A79F77008D5C1B /* ViewCustomization.swift in Sources */ = {isa = PBXBuildFile; fileRef = DC892D4523A79F77008D5C1B /* ViewCustomization.swift */; };
/* End PBXBuildFile section */

/* Begin PBXFileReference section */
		AC63950223940A36000EA4F9 /* Hovos.app */ = {isa = PBXFileReference; explicitFileType = wrapper.application; includeInIndex = 0; path = Hovos.app; sourceTree = BUILT_PRODUCTS_DIR; };
		AC63950523940A36000EA4F9 /* AppDelegate.swift */ = {isa = PBXFileReference; lastKnownFileType = sourcecode.swift; path = AppDelegate.swift; sourceTree = "<group>"; };
		AC63950723940A36000EA4F9 /* SceneDelegate.swift */ = {isa = PBXFileReference; lastKnownFileType = sourcecode.swift; path = SceneDelegate.swift; sourceTree = "<group>"; };
		AC63950923940A36000EA4F9 /* ViewController.swift */ = {isa = PBXFileReference; lastKnownFileType = sourcecode.swift; path = ViewController.swift; sourceTree = "<group>"; };
		AC63950C23940A36000EA4F9 /* Base */ = {isa = PBXFileReference; lastKnownFileType = file.storyboard; name = Base; path = Base.lproj/Main.storyboard; sourceTree = "<group>"; };
		AC63950E23940A38000EA4F9 /* Assets.xcassets */ = {isa = PBXFileReference; lastKnownFileType = folder.assetcatalog; path = Assets.xcassets; sourceTree = "<group>"; };
		AC63951123940A38000EA4F9 /* Base */ = {isa = PBXFileReference; lastKnownFileType = file.storyboard; name = Base; path = Base.lproj/LaunchScreen.storyboard; sourceTree = "<group>"; };
		AC63951323940A38000EA4F9 /* Info.plist */ = {isa = PBXFileReference; lastKnownFileType = text.plist.xml; path = Info.plist; sourceTree = "<group>"; };
		DC892D4523A79F77008D5C1B /* ViewCustomization.swift */ = {isa = PBXFileReference; lastKnownFileType = sourcecode.swift; path = ViewCustomization.swift; sourceTree = "<group>"; };
/* End PBXFileReference section */

/* Begin PBXFrameworksBuildPhase section */
		AC6394FF23940A36000EA4F9 /* Frameworks */ = {
			isa = PBXFrameworksBuildPhase;
			buildActionMask = 2147483647;
			files = (
			);
			runOnlyForDeploymentPostprocessing = 0;
		};
/* End PBXFrameworksBuildPhase section */

/* Begin PBXGroup section */
		AC6394F923940A36000EA4F9 = {
			isa = PBXGroup;
			children = (
				AC63950423940A36000EA4F9 /* Hovos */,
				AC63950323940A36000EA4F9 /* Products */,
			);
			sourceTree = "<group>";
		};
		AC63950323940A36000EA4F9 /* Products */ = {
			isa = PBXGroup;
			children = (
				AC63950223940A36000EA4F9 /* Hovos.app */,
			);
			name = Products;
			sourceTree = "<group>";
		};
		AC63950423940A36000EA4F9 /* Hovos */ = {
			isa = PBXGroup;
			children = (
				DC892D4423A79F4E008D5C1B /* Utilities */,
				AC63950523940A36000EA4F9 /* AppDelegate.swift */,
				AC63950723940A36000EA4F9 /* SceneDelegate.swift */,
				AC63950923940A36000EA4F9 /* ViewController.swift */,
				AC63950B23940A36000EA4F9 /* Main.storyboard */,
				AC63950E23940A38000EA4F9 /* Assets.xcassets */,
				AC63951023940A38000EA4F9 /* LaunchScreen.storyboard */,
				AC63951323940A38000EA4F9 /* Info.plist */,
			);
			path = Hovos;
			sourceTree = "<group>";
		};
		DC892D4423A79F4E008D5C1B /* Utilities */ = {
			isa = PBXGroup;
			children = (
				DC892D4523A79F77008D5C1B /* ViewCustomization.swift */,
			);
			path = Utilities;
			sourceTree = "<group>";
		};
/* End PBXGroup section */

/* Begin PBXNativeTarget section */
		AC63950123940A36000EA4F9 /* Hovos */ = {
			isa = PBXNativeTarget;
			buildConfigurationList = AC63951623940A38000EA4F9 /* Build configuration list for PBXNativeTarget "Hovos" */;
			buildPhases = (
				AC6394FE23940A36000EA4F9 /* Sources */,
				AC6394FF23940A36000EA4F9 /* Frameworks */,
				AC63950023940A36000EA4F9 /* Resources */,
			);
			buildRules = (
			);
			dependencies = (
			);
			name = Hovos;
			productName = Hovos;
			productReference = AC63950223940A36000EA4F9 /* Hovos.app */;
			productType = "com.apple.product-type.application";
		};
/* End PBXNativeTarget section */

/* Begin PBXProject section */
		AC6394FA23940A36000EA4F9 /* Project object */ = {
			isa = PBXProject;
			attributes = {
				LastSwiftUpdateCheck = 1100;
				LastUpgradeCheck = 1100;
				ORGANIZATIONNAME = "neeraj kumar joshi";
				TargetAttributes = {
					AC63950123940A36000EA4F9 = {
						CreatedOnToolsVersion = 11.0;
					};
				};
			};
			buildConfigurationList = AC6394FD23940A36000EA4F9 /* Build configuration list for PBXProject "Hovos" */;
			compatibilityVersion = "Xcode 9.3";
			developmentRegion = en;
			hasScannedForEncodings = 0;
			knownRegions = (
				en,
				Base,
			);
			mainGroup = AC6394F923940A36000EA4F9;
			productRefGroup = AC63950323940A36000EA4F9 /* Products */;
			projectDirPath = "";
			projectRoot = "";
			targets = (
				AC63950123940A36000EA4F9 /* Hovos */,
			);
		};
/* End PBXProject section */

/* Begin PBXResourcesBuildPhase section */
		AC63950023940A36000EA4F9 /* Resources */ = {
			isa = PBXResourcesBuildPhase;
			buildActionMask = 2147483647;
			files = (
				AC63951223940A38000EA4F9 /* LaunchScreen.storyboard in Resources */,
				AC63950F23940A38000EA4F9 /* Assets.xcassets in Resources */,
				AC63950D23940A36000EA4F9 /* Main.storyboard in Resources */,
			);
			runOnlyForDeploymentPostprocessing = 0;
		};
/* End PBXResourcesBuildPhase section */

/* Begin PBXSourcesBuildPhase section */
		AC6394FE23940A36000EA4F9 /* Sources */ = {
			isa = PBXSourcesBuildPhase;
			buildActionMask = 2147483647;
			files = (
				AC63950A23940A36000EA4F9 /* ViewController.swift in Sources */,
				AC63950623940A36000EA4F9 /* AppDelegate.swift in Sources */,
				DC892D4623A79F77008D5C1B /* ViewCustomization.swift in Sources */,
				AC63950823940A36000EA4F9 /* SceneDelegate.swift in Sources */,
			);
			runOnlyForDeploymentPostprocessing = 0;
		};
/* End PBXSourcesBuildPhase section */

/* Begin PBXVariantGroup section */
		AC63950B23940A36000EA4F9 /* Main.storyboard */ = {
			isa = PBXVariantGroup;
			children = (
				AC63950C23940A36000EA4F9 /* Base */,
			);
			name = Main.storyboard;
			sourceTree = "<group>";
		};
		AC63951023940A38000EA4F9 /* LaunchScreen.storyboard */ = {
			isa = PBXVariantGroup;
			children = (
				AC63951123940A38000EA4F9 /* Base */,
			);
			name = LaunchScreen.storyboard;
			sourceTree = "<group>";
		};
/* End PBXVariantGroup section */

/* Begin XCBuildConfiguration section */
		AC63951423940A38000EA4F9 /* Debug */ = {
			isa = XCBuildConfiguration;
			buildSettings = {
				ALWAYS_SEARCH_USER_PATHS = NO;
				CLANG_ANALYZER_NONNULL = YES;
				CLANG_ANALYZER_NUMBER_OBJECT_CONVERSION = YES_AGGRESSIVE;
				CLANG_CXX_LANGUAGE_STANDARD = "gnu++14";
				CLANG_CXX_LIBRARY = "libc++";
				CLANG_ENABLE_MODULES = YES;
				CLANG_ENABLE_OBJC_ARC = YES;
				CLANG_ENABLE_OBJC_WEAK = YES;
				CLANG_WARN_BLOCK_CAPTURE_AUTORELEASING = YES;
				CLANG_WARN_BOOL_CONVERSION = YES;
				CLANG_WARN_COMMA = YES;
				CLANG_WARN_CONSTANT_CONVERSION = YES;
				CLANG_WARN_DEPRECATED_OBJC_IMPLEMENTATIONS = YES;
				CLANG_WARN_DIRECT_OBJC_ISA_USAGE = YES_ERROR;
				CLANG_WARN_DOCUMENTATION_COMMENTS = YES;
				CLANG_WARN_EMPTY_BODY = YES;
				CLANG_WARN_ENUM_CONVERSION = YES;
				CLANG_WARN_INFINITE_RECURSION = YES;
				CLANG_WARN_INT_CONVERSION = YES;
				CLANG_WARN_NON_LITERAL_NULL_CONVERSION = YES;
				CLANG_WARN_OBJC_IMPLICIT_RETAIN_SELF = YES;
				CLANG_WARN_OBJC_LITERAL_CONVERSION = YES;
				CLANG_WARN_OBJC_ROOT_CLASS = YES_ERROR;
				CLANG_WARN_RANGE_LOOP_ANALYSIS = YES;
				CLANG_WARN_STRICT_PROTOTYPES = YES;
				CLANG_WARN_SUSPICIOUS_MOVE = YES;
				CLANG_WARN_UNGUARDED_AVAILABILITY = YES_AGGRESSIVE;
				CLANG_WARN_UNREACHABLE_CODE = YES;
				CLANG_WARN__DUPLICATE_METHOD_MATCH = YES;
				COPY_PHASE_STRIP = NO;
				DEBUG_INFORMATION_FORMAT = dwarf;
				ENABLE_STRICT_OBJC_MSGSEND = YES;
				ENABLE_TESTABILITY = YES;
				GCC_C_LANGUAGE_STANDARD = gnu11;
				GCC_DYNAMIC_NO_PIC = NO;
				GCC_NO_COMMON_BLOCKS = YES;
				GCC_OPTIMIZATION_LEVEL = 0;
				GCC_PREPROCESSOR_DEFINITIONS = (
					"DEBUG=1",
					"$(inherited)",
				);
				GCC_WARN_64_TO_32_BIT_CONVERSION = YES;
				GCC_WARN_ABOUT_RETURN_TYPE = YES_ERROR;
				GCC_WARN_UNDECLARED_SELECTOR = YES;
				GCC_WARN_UNINITIALIZED_AUTOS = YES_AGGRESSIVE;
				GCC_WARN_UNUSED_FUNCTION = YES;
				GCC_WARN_UNUSED_VARIABLE = YES;
				IPHONEOS_DEPLOYMENT_TARGET = 13.0;
				MTL_ENABLE_DEBUG_INFO = INCLUDE_SOURCE;
				MTL_FAST_MATH = YES;
				ONLY_ACTIVE_ARCH = YES;
				SDKROOT = iphoneos;
				SWIFT_ACTIVE_COMPILATION_CONDITIONS = DEBUG;
				SWIFT_OPTIMIZATION_LEVEL = "-Onone";
			};
			name = Debug;
		};
		AC63951523940A38000EA4F9 /* Release */ = {
			isa = XCBuildConfiguration;
			buildSettings = {
				ALWAYS_SEARCH_USER_PATHS = NO;
				CLANG_ANALYZER_NONNULL = YES;
				CLANG_ANALYZER_NUMBER_OBJECT_CONVERSION = YES_AGGRESSIVE;
				CLANG_CXX_LANGUAGE_STANDARD = "gnu++14";
				CLANG_CXX_LIBRARY = "libc++";
				CLANG_ENABLE_MODULES = YES;
				CLANG_ENABLE_OBJC_ARC = YES;
				CLANG_ENABLE_OBJC_WEAK = YES;
				CLANG_WARN_BLOCK_CAPTURE_AUTORELEASING = YES;
				CLANG_WARN_BOOL_CONVERSION = YES;
				CLANG_WARN_COMMA = YES;
				CLANG_WARN_CONSTANT_CONVERSION = YES;
				CLANG_WARN_DEPRECATED_OBJC_IMPLEMENTATIONS = YES;
				CLANG_WARN_DIRECT_OBJC_ISA_USAGE = YES_ERROR;
				CLANG_WARN_DOCUMENTATION_COMMENTS = YES;
				CLANG_WARN_EMPTY_BODY = YES;
				CLANG_WARN_ENUM_CONVERSION = YES;
				CLANG_WARN_INFINITE_RECURSION = YES;
				CLANG_WARN_INT_CONVERSION = YES;
				CLANG_WARN_NON_LITERAL_NULL_CONVERSION = YES;
				CLANG_WARN_OBJC_IMPLICIT_RETAIN_SELF = YES;
				CLANG_WARN_OBJC_LITERAL_CONVERSION = YES;
				CLANG_WARN_OBJC_ROOT_CLASS = YES_ERROR;
				CLANG_WARN_RANGE_LOOP_ANALYSIS = YES;
				CLANG_WARN_STRICT_PROTOTYPES = YES;
				CLANG_WARN_SUSPICIOUS_MOVE = YES;
				CLANG_WARN_UNGUARDED_AVAILABILITY = YES_AGGRESSIVE;
				CLANG_WARN_UNREACHABLE_CODE = YES;
				CLANG_WARN__DUPLICATE_METHOD_MATCH = YES;
				COPY_PHASE_STRIP = NO;
				DEBUG_INFORMATION_FORMAT = "dwarf-with-dsym";
				ENABLE_NS_ASSERTIONS = NO;
				ENABLE_STRICT_OBJC_MSGSEND = YES;
				GCC_C_LANGUAGE_STANDARD = gnu11;
				GCC_NO_COMMON_BLOCKS = YES;
				GCC_WARN_64_TO_32_BIT_CONVERSION = YES;
				GCC_WARN_ABOUT_RETURN_TYPE = YES_ERROR;
				GCC_WARN_UNDECLARED_SELECTOR = YES;
				GCC_WARN_UNINITIALIZED_AUTOS = YES_AGGRESSIVE;
				GCC_WARN_UNUSED_FUNCTION = YES;
				GCC_WARN_UNUSED_VARIABLE = YES;
				IPHONEOS_DEPLOYMENT_TARGET = 13.0;
				MTL_ENABLE_DEBUG_INFO = NO;
				MTL_FAST_MATH = YES;
				SDKROOT = iphoneos;
				SWIFT_COMPILATION_MODE = wholemodule;
				SWIFT_OPTIMIZATION_LEVEL = "-O";
				VALIDATE_PRODUCT = YES;
			};
			name = Release;
		};
		AC63951723940A38000EA4F9 /* Debug */ = {
			isa = XCBuildConfiguration;
			buildSettings = {
				ASSETCATALOG_COMPILER_APPICON_NAME = AppIcon;
				CODE_SIGN_STYLE = Automatic;
				INFOPLIST_FILE = Hovos/Info.plist;
				LD_RUNPATH_SEARCH_PATHS = (
					"$(inherited)",
					"@executable_path/Frameworks",
				);
				PRODUCT_BUNDLE_IDENTIFIER = "com.a1distribute.-.Hovos";
				PRODUCT_NAME = "$(TARGET_NAME)";
				SWIFT_VERSION = 5.0;
				TARGETED_DEVICE_FAMILY = "1,2";
			};
			name = Debug;
		};
		AC63951823940A38000EA4F9 /* Release */ = {
			isa = XCBuildConfiguration;
			buildSettings = {
				ASSETCATALOG_COMPILER_APPICON_NAME = AppIcon;
				CODE_SIGN_STYLE = Automatic;
				INFOPLIST_FILE = Hovos/Info.plist;
				LD_RUNPATH_SEARCH_PATHS = (
					"$(inherited)",
					"@executable_path/Frameworks",
				);
				PRODUCT_BUNDLE_IDENTIFIER = "com.a1distribute.-.Hovos";
				PRODUCT_NAME = "$(TARGET_NAME)";
				SWIFT_VERSION = 5.0;
				TARGETED_DEVICE_FAMILY = "1,2";
			};
			name = Release;
		};
/* End XCBuildConfiguration section */

/* Begin XCConfigurationList section */
		AC6394FD23940A36000EA4F9 /* Build configuration list for PBXProject "Hovos" */ = {
			isa = XCConfigurationList;
			buildConfigurations = (
				AC63951423940A38000EA4F9 /* Debug */,
				AC63951523940A38000EA4F9 /* Release */,
			);
			defaultConfigurationIsVisible = 0;
			defaultConfigurationName = Release;
		};
		AC63951623940A38000EA4F9 /* Build configuration list for PBXNativeTarget "Hovos" */ = {
			isa = XCConfigurationList;
			buildConfigurations = (
				AC63951723940A38000EA4F9 /* Debug */,
				AC63951823940A38000EA4F9 /* Release */,
			);
			defaultConfigurationIsVisible = 0;
			defaultConfigurationName = Release;
		};
/* End XCConfigurationList section */
	};
	rootObject = AC6394FA23940A36000EA4F9 /* Project object */;
}
